// !$*UTF8*$!
{
	archiveVersion = 1;
	classes = {
	};
	objectVersion = 46;
	objects = {

/* Begin PBXBuildFile section */
		14669CEBE22F8FA3EE53E127 /* Pods_Millionaire.framework in Frameworks */ = {isa = PBXBuildFile; fileRef = 71FBE9D608CFACB7F54AEB57 /* Pods_Millionaire.framework */; };
		173026CE1CC682A0008A046C /* QuestionsModel.xcdatamodeld in Sources */ = {isa = PBXBuildFile; fileRef = 173026CC1CC682A0008A046C /* QuestionsModel.xcdatamodeld */; };
		173026E11CC69532008A046C /* Question+CoreDataProperties.swift in Sources */ = {isa = PBXBuildFile; fileRef = 173026DF1CC69532008A046C /* Question+CoreDataProperties.swift */; };
		173026E21CC69532008A046C /* Question.swift in Sources */ = {isa = PBXBuildFile; fileRef = 173026E01CC69532008A046C /* Question.swift */; };
		173026E41CC695CA008A046C /* CoreDataHelper.swift in Sources */ = {isa = PBXBuildFile; fileRef = 173026E31CC695CA008A046C /* CoreDataHelper.swift */; };
		1730FC1C1CC3EE810030D136 /* AppDelegate.swift in Sources */ = {isa = PBXBuildFile; fileRef = 1730FC1B1CC3EE810030D136 /* AppDelegate.swift */; };
		1730FC1E1CC3EE810030D136 /* ViewController.swift in Sources */ = {isa = PBXBuildFile; fileRef = 1730FC1D1CC3EE810030D136 /* ViewController.swift */; };
		1730FC211CC3EE810030D136 /* Main.storyboard in Resources */ = {isa = PBXBuildFile; fileRef = 1730FC1F1CC3EE810030D136 /* Main.storyboard */; };
		1730FC261CC3EE810030D136 /* LaunchScreen.storyboard in Resources */ = {isa = PBXBuildFile; fileRef = 1730FC241CC3EE810030D136 /* LaunchScreen.storyboard */; };
		174F50BC1CF0B7F800A8CD65 /* Localizable.strings in Resources */ = {isa = PBXBuildFile; fileRef = 174F50BE1CF0B7F800A8CD65 /* Localizable.strings */; };
		1783CE2E1DA0419A007B7FCC /* Crypto.framework in Frameworks */ = {isa = PBXBuildFile; fileRef = 1783CE2C1DA0419A007B7FCC /* Crypto.framework */; };
		1783CE2F1DA0419A007B7FCC /* CommonCrypto.framework in Frameworks */ = {isa = PBXBuildFile; fileRef = 1783CE2D1DA0419A007B7FCC /* CommonCrypto.framework */; };
		1783CE301DA041D5007B7FCC /* Crypto.framework in Frameworks */ = {isa = PBXBuildFile; fileRef = 1783CE2C1DA0419A007B7FCC /* Crypto.framework */; };
		1783CE311DA041D5007B7FCC /* Crypto.framework in Embed Frameworks */ = {isa = PBXBuildFile; fileRef = 1783CE2C1DA0419A007B7FCC /* Crypto.framework */; settings = {ATTRIBUTES = (CodeSignOnCopy, RemoveHeadersOnCopy, ); }; };
		1783CE321DA041D5007B7FCC /* CommonCrypto.framework in Frameworks */ = {isa = PBXBuildFile; fileRef = 1783CE2D1DA0419A007B7FCC /* CommonCrypto.framework */; };
		1783CE331DA041D5007B7FCC /* CommonCrypto.framework in Embed Frameworks */ = {isa = PBXBuildFile; fileRef = 1783CE2D1DA0419A007B7FCC /* CommonCrypto.framework */; settings = {ATTRIBUTES = (CodeSignOnCopy, RemoveHeadersOnCopy, ); }; };
		17888FA91CCA674A00A6C3DF /* GameFactory.swift in Sources */ = {isa = PBXBuildFile; fileRef = 17888FA81CCA674A00A6C3DF /* GameFactory.swift */; };
		17888FAB1CCA677C00A6C3DF /* SingleGame.swift in Sources */ = {isa = PBXBuildFile; fileRef = 17888FAA1CCA677C00A6C3DF /* SingleGame.swift */; };
		17888FAD1CCA74DE00A6C3DF /* ISinglePlay.swift in Sources */ = {isa = PBXBuildFile; fileRef = 17888FAC1CCA74DE00A6C3DF /* ISinglePlay.swift */; };
		17888FAF1CCA84B800A6C3DF /* Game.swift in Sources */ = {isa = PBXBuildFile; fileRef = 17888FAE1CCA84B800A6C3DF /* Game.swift */; };
		178C71701CC4D7D4005EF01E /* GameController.swift in Sources */ = {isa = PBXBuildFile; fileRef = 178C716F1CC4D7D4005EF01E /* GameController.swift */; };
		1794DE531CD015B50085EA37 /* Media.xcassets in Resources */ = {isa = PBXBuildFile; fileRef = 1794DE521CD015B50085EA37 /* Media.xcassets */; };
		17CD76BC1CC816EC0026172A /* ServerSettings.swift in Sources */ = {isa = PBXBuildFile; fileRef = 17CD76BB1CC816EC0026172A /* ServerSettings.swift */; };
		17D4C0841CC7A12D0034B057 /* APIService.swift in Sources */ = {isa = PBXBuildFile; fileRef = 17D4C0831CC7A12D0034B057 /* APIService.swift */; };
		17D4C0881CC7AA900034B057 /* DataProvider.swift in Sources */ = {isa = PBXBuildFile; fileRef = 17D4C0871CC7AA900034B057 /* DataProvider.swift */; };
		17D4C08A1CC7D5200034B057 /* ScoreCell.swift in Sources */ = {isa = PBXBuildFile; fileRef = 17D4C0891CC7D5200034B057 /* ScoreCell.swift */; };
		17E0B9AF1DA03935005C1F6F /* Alamofire.framework in Frameworks */ = {isa = PBXBuildFile; fileRef = 1729AB931DA01C5E001AA048 /* Alamofire.framework */; };
		17E0B9B11DA0393B005C1F6F /* SwiftyJSON.framework in Frameworks */ = {isa = PBXBuildFile; fileRef = 17E0B9B01DA0393B005C1F6F /* SwiftyJSON.framework */; };
		17E0B9B51DA0399B005C1F6F /* Alamofire.framework in Frameworks */ = {isa = PBXBuildFile; fileRef = 1729AB931DA01C5E001AA048 /* Alamofire.framework */; };
		17E0B9B61DA0399B005C1F6F /* Alamofire.framework in Embed Frameworks */ = {isa = PBXBuildFile; fileRef = 1729AB931DA01C5E001AA048 /* Alamofire.framework */; settings = {ATTRIBUTES = (CodeSignOnCopy, RemoveHeadersOnCopy, ); }; };
		17E0B9B81DA039B2005C1F6F /* SwiftyJSON.framework in Frameworks */ = {isa = PBXBuildFile; fileRef = 17E0B9B01DA0393B005C1F6F /* SwiftyJSON.framework */; };
		17E0B9B91DA039B2005C1F6F /* SwiftyJSON.framework in Embed Frameworks */ = {isa = PBXBuildFile; fileRef = 17E0B9B01DA0393B005C1F6F /* SwiftyJSON.framework */; settings = {ATTRIBUTES = (CodeSignOnCopy, RemoveHeadersOnCopy, ); }; };
/* End PBXBuildFile section */

/* Begin PBXCopyFilesBuildPhase section */
		17E0B9B71DA0399B005C1F6F /* Embed Frameworks */ = {
			isa = PBXCopyFilesBuildPhase;
			buildActionMask = 2147483647;
			dstPath = "";
			dstSubfolderSpec = 10;
			files = (
				1783CE331DA041D5007B7FCC /* CommonCrypto.framework in Embed Frameworks */,
				1783CE311DA041D5007B7FCC /* Crypto.framework in Embed Frameworks */,
				17E0B9B91DA039B2005C1F6F /* SwiftyJSON.framework in Embed Frameworks */,
				17E0B9B61DA0399B005C1F6F /* Alamofire.framework in Embed Frameworks */,
			);
			name = "Embed Frameworks";
			runOnlyForDeploymentPostprocessing = 0;
		};
/* End PBXCopyFilesBuildPhase section */

/* Begin PBXFileReference section */
		170246181CC6CA8D00085881 /* LICENSE */ = {isa = PBXFileReference; lastKnownFileType = text; path = LICENSE; sourceTree = "<group>"; };
		170246191CC6CA8D00085881 /* LICENSE 2 */ = {isa = PBXFileReference; lastKnownFileType = text; path = "LICENSE 2"; sourceTree = "<group>"; };
		1702461A1CC6CA8D00085881 /* README 2.md */ = {isa = PBXFileReference; lastKnownFileType = net.daringfireball.markdown; path = "README 2.md"; sourceTree = "<group>"; };
		1702461C1CC6CA8D00085881 /* Alamofire.swift */ = {isa = PBXFileReference; lastKnownFileType = sourcecode.swift; path = Alamofire.swift; sourceTree = "<group>"; };
		1702461D1CC6CA8D00085881 /* Download.swift */ = {isa = PBXFileReference; lastKnownFileType = sourcecode.swift; path = Download.swift; sourceTree = "<group>"; };
		1702461E1CC6CA8D00085881 /* Error.swift */ = {isa = PBXFileReference; lastKnownFileType = sourcecode.swift; path = Error.swift; sourceTree = "<group>"; };
		1702461F1CC6CA8D00085881 /* Manager.swift */ = {isa = PBXFileReference; lastKnownFileType = sourcecode.swift; path = Manager.swift; sourceTree = "<group>"; };
		170246201CC6CA8D00085881 /* MultipartFormData.swift */ = {isa = PBXFileReference; lastKnownFileType = sourcecode.swift; path = MultipartFormData.swift; sourceTree = "<group>"; };
		170246211CC6CA8D00085881 /* NetworkReachabilityManager.swift */ = {isa = PBXFileReference; lastKnownFileType = sourcecode.swift; path = NetworkReachabilityManager.swift; sourceTree = "<group>"; };
		170246221CC6CA8D00085881 /* Notifications.swift */ = {isa = PBXFileReference; lastKnownFileType = sourcecode.swift; path = Notifications.swift; sourceTree = "<group>"; };
		170246231CC6CA8D00085881 /* ParameterEncoding.swift */ = {isa = PBXFileReference; lastKnownFileType = sourcecode.swift; path = ParameterEncoding.swift; sourceTree = "<group>"; };
		170246241CC6CA8D00085881 /* Request.swift */ = {isa = PBXFileReference; lastKnownFileType = sourcecode.swift; path = Request.swift; sourceTree = "<group>"; };
		170246251CC6CA8D00085881 /* Response.swift */ = {isa = PBXFileReference; lastKnownFileType = sourcecode.swift; path = Response.swift; sourceTree = "<group>"; };
		170246261CC6CA8D00085881 /* ResponseSerialization.swift */ = {isa = PBXFileReference; lastKnownFileType = sourcecode.swift; path = ResponseSerialization.swift; sourceTree = "<group>"; };
		170246271CC6CA8D00085881 /* Result.swift */ = {isa = PBXFileReference; lastKnownFileType = sourcecode.swift; path = Result.swift; sourceTree = "<group>"; };
		170246281CC6CA8D00085881 /* ServerTrustPolicy.swift */ = {isa = PBXFileReference; lastKnownFileType = sourcecode.swift; path = ServerTrustPolicy.swift; sourceTree = "<group>"; };
		170246291CC6CA8D00085881 /* Stream.swift */ = {isa = PBXFileReference; lastKnownFileType = sourcecode.swift; path = Stream.swift; sourceTree = "<group>"; };
		1702462A1CC6CA8D00085881 /* Timeline.swift */ = {isa = PBXFileReference; lastKnownFileType = sourcecode.swift; path = Timeline.swift; sourceTree = "<group>"; };
		1702462B1CC6CA8D00085881 /* Upload.swift */ = {isa = PBXFileReference; lastKnownFileType = sourcecode.swift; path = Upload.swift; sourceTree = "<group>"; };
		1702462C1CC6CA8D00085881 /* Validation.swift */ = {isa = PBXFileReference; lastKnownFileType = sourcecode.swift; path = Validation.swift; sourceTree = "<group>"; };
		1729AB931DA01C5E001AA048 /* Alamofire.framework */ = {isa = PBXFileReference; lastKnownFileType = wrapper.framework; name = Alamofire.framework; path = "../../../Developer/Xcode/DerivedData/Millionaire-cfeiwjiijmwaakbjibzhczbxdcgw/Build/Products/Debug-iphonesimulator/Alamofire/Alamofire.framework"; sourceTree = "<group>"; };
		173026CD1CC682A0008A046C /* QuestionsModel.xcdatamodel */ = {isa = PBXFileReference; lastKnownFileType = wrapper.xcdatamodel; path = QuestionsModel.xcdatamodel; sourceTree = "<group>"; };
		173026D51CC6948D008A046C /* Millionaire-Bridging-Header.h */ = {isa = PBXFileReference; lastKnownFileType = sourcecode.c.h; path = "Millionaire-Bridging-Header.h"; sourceTree = "<group>"; };
		173026DF1CC69532008A046C /* Question+CoreDataProperties.swift */ = {isa = PBXFileReference; fileEncoding = 4; lastKnownFileType = sourcecode.swift; path = "Question+CoreDataProperties.swift"; sourceTree = "<group>"; };
		173026E01CC69532008A046C /* Question.swift */ = {isa = PBXFileReference; fileEncoding = 4; lastKnownFileType = sourcecode.swift; path = Question.swift; sourceTree = "<group>"; };
		173026E31CC695CA008A046C /* CoreDataHelper.swift */ = {isa = PBXFileReference; fileEncoding = 4; lastKnownFileType = sourcecode.swift; path = CoreDataHelper.swift; sourceTree = "<group>"; };
		1730FC181CC3EE810030D136 /* Millionaire.app */ = {isa = PBXFileReference; explicitFileType = wrapper.application; includeInIndex = 0; path = Millionaire.app; sourceTree = BUILT_PRODUCTS_DIR; };
		1730FC1B1CC3EE810030D136 /* AppDelegate.swift */ = {isa = PBXFileReference; lastKnownFileType = sourcecode.swift; path = AppDelegate.swift; sourceTree = "<group>"; };
		1730FC1D1CC3EE810030D136 /* ViewController.swift */ = {isa = PBXFileReference; lastKnownFileType = sourcecode.swift; path = ViewController.swift; sourceTree = "<group>"; };
		1730FC201CC3EE810030D136 /* Base */ = {isa = PBXFileReference; lastKnownFileType = file.storyboard; name = Base; path = Base.lproj/Main.storyboard; sourceTree = "<group>"; };
		1730FC251CC3EE810030D136 /* Base */ = {isa = PBXFileReference; lastKnownFileType = file.storyboard; name = Base; path = Base.lproj/LaunchScreen.storyboard; sourceTree = "<group>"; };
		1730FC271CC3EE810030D136 /* Info.plist */ = {isa = PBXFileReference; lastKnownFileType = text.plist.xml; path = Info.plist; sourceTree = "<group>"; };
		1730FC301CC3EE810030D136 /* MillionaireTests.swift */ = {isa = PBXFileReference; lastKnownFileType = sourcecode.swift; path = MillionaireTests.swift; sourceTree = "<group>"; };
		1730FC321CC3EE810030D136 /* Info.plist */ = {isa = PBXFileReference; lastKnownFileType = text.plist.xml; path = Info.plist; sourceTree = "<group>"; };
		1730FC3B1CC3EE810030D136 /* MillionaireUITests.swift */ = {isa = PBXFileReference; lastKnownFileType = sourcecode.swift; path = MillionaireUITests.swift; sourceTree = "<group>"; };
		1730FC3D1CC3EE810030D136 /* Info.plist */ = {isa = PBXFileReference; lastKnownFileType = text.plist.xml; path = Info.plist; sourceTree = "<group>"; };
		1730FC491CC437670030D136 /* ru */ = {isa = PBXFileReference; lastKnownFileType = text.plist.strings; name = ru; path = ru.lproj/Main.strings; sourceTree = "<group>"; };
		1730FC4A1CC437680030D136 /* ru */ = {isa = PBXFileReference; lastKnownFileType = text.plist.strings; name = ru; path = ru.lproj/LaunchScreen.strings; sourceTree = "<group>"; };
		1730FC4C1CC4378C0030D136 /* en */ = {isa = PBXFileReference; lastKnownFileType = text.plist.strings; name = en; path = en.lproj/Main.strings; sourceTree = "<group>"; };
		174F50BD1CF0B7F800A8CD65 /* ru */ = {isa = PBXFileReference; lastKnownFileType = text.plist.strings; name = ru; path = ru.lproj/Localizable.strings; sourceTree = "<group>"; };
		174F50C11CF0B81C00A8CD65 /* en */ = {isa = PBXFileReference; lastKnownFileType = text.plist.strings; name = en; path = en.lproj/Localizable.strings; sourceTree = "<group>"; };
		1767CB561CC6CB2400A3473C /* Alamofire.framework */ = {isa = PBXFileReference; lastKnownFileType = wrapper.framework; name = Alamofire.framework; path = "Millionaire.xcodeproj/Alamofire-master/build/Debug-iphoneos/Alamofire.framework"; sourceTree = "<group>"; };
		1783CE2C1DA0419A007B7FCC /* Crypto.framework */ = {isa = PBXFileReference; lastKnownFileType = wrapper.framework; name = Crypto.framework; path = Carthage/Build/iOS/Crypto.framework; sourceTree = "<group>"; };
		1783CE2D1DA0419A007B7FCC /* CommonCrypto.framework */ = {isa = PBXFileReference; lastKnownFileType = wrapper.framework; name = CommonCrypto.framework; path = Carthage/Build/iOS/CommonCrypto.framework; sourceTree = "<group>"; };
		17888FA81CCA674A00A6C3DF /* GameFactory.swift */ = {isa = PBXFileReference; fileEncoding = 4; lastKnownFileType = sourcecode.swift; path = GameFactory.swift; sourceTree = "<group>"; };
		17888FAA1CCA677C00A6C3DF /* SingleGame.swift */ = {isa = PBXFileReference; fileEncoding = 4; lastKnownFileType = sourcecode.swift; path = SingleGame.swift; sourceTree = "<group>"; };
		17888FAC1CCA74DE00A6C3DF /* ISinglePlay.swift */ = {isa = PBXFileReference; fileEncoding = 4; lastKnownFileType = sourcecode.swift; path = ISinglePlay.swift; sourceTree = "<group>"; };
		17888FAE1CCA84B800A6C3DF /* Game.swift */ = {isa = PBXFileReference; fileEncoding = 4; lastKnownFileType = sourcecode.swift; path = Game.swift; sourceTree = "<group>"; };
		178C716F1CC4D7D4005EF01E /* GameController.swift */ = {isa = PBXFileReference; fileEncoding = 4; lastKnownFileType = sourcecode.swift; path = GameController.swift; sourceTree = "<group>"; };
		1794DE521CD015B50085EA37 /* Media.xcassets */ = {isa = PBXFileReference; lastKnownFileType = folder.assetcatalog; path = Media.xcassets; sourceTree = "<group>"; };
		17AA20541CC799D200E87E75 /* SwiftyJSON.framework */ = {isa = PBXFileReference; lastKnownFileType = wrapper.framework; name = SwiftyJSON.framework; path = "Millionaire.xcodeproj/SwiftyJSON-master/build/Debug-iphoneos/SwiftyJSON.framework"; sourceTree = "<group>"; };
		17CBBEBB1CCA3C27002204A4 /* SHA256iOs.framework */ = {isa = PBXFileReference; lastKnownFileType = wrapper.framework; name = SHA256iOs.framework; path = "Millionaire.xcodeproj/SHA256-Swift-master/build/Debug-iphoneos/SHA256iOs.framework"; sourceTree = "<group>"; };
		17CD76BB1CC816EC0026172A /* ServerSettings.swift */ = {isa = PBXFileReference; fileEncoding = 4; lastKnownFileType = sourcecode.swift; path = ServerSettings.swift; sourceTree = "<group>"; };
		17D4C0831CC7A12D0034B057 /* APIService.swift */ = {isa = PBXFileReference; fileEncoding = 4; lastKnownFileType = sourcecode.swift; path = APIService.swift; sourceTree = "<group>"; };
		17D4C0871CC7AA900034B057 /* DataProvider.swift */ = {isa = PBXFileReference; fileEncoding = 4; lastKnownFileType = sourcecode.swift; path = DataProvider.swift; sourceTree = "<group>"; };
		17D4C0891CC7D5200034B057 /* ScoreCell.swift */ = {isa = PBXFileReference; fileEncoding = 4; lastKnownFileType = sourcecode.swift; path = ScoreCell.swift; sourceTree = "<group>"; };
		17E0B9B01DA0393B005C1F6F /* SwiftyJSON.framework */ = {isa = PBXFileReference; lastKnownFileType = wrapper.framework; name = SwiftyJSON.framework; path = "../../../Developer/Xcode/DerivedData/Millionaire-cfeiwjiijmwaakbjibzhczbxdcgw/Build/Products/Debug-iphonesimulator/SwiftyJSON/SwiftyJSON.framework"; sourceTree = "<group>"; };
		17F3F46F1CCA3D580055A8DA /* SHA256iOs.framework */ = {isa = PBXFileReference; lastKnownFileType = wrapper.framework; name = SHA256iOs.framework; path = "Millionaire.xcodeproj/SHA256-Swift-master/build/Debug-iphoneos/SHA256iOs.framework"; sourceTree = "<group>"; };
		17F3F4781CCA3DA70055A8DA /* SHA256iOs.framework */ = {isa = PBXFileReference; lastKnownFileType = wrapper.framework; name = SHA256iOs.framework; path = "Millionaire.xcodeproj/SHA256-Swift-master/build/Debug-iphoneos/SHA256iOs.framework"; sourceTree = "<group>"; };
		398052C158E4EDC95B66378E /* Pods-Millionaire.release.xcconfig */ = {isa = PBXFileReference; includeInIndex = 1; lastKnownFileType = text.xcconfig; name = "Pods-Millionaire.release.xcconfig"; path = "Pods/Target Support Files/Pods-Millionaire/Pods-Millionaire.release.xcconfig"; sourceTree = "<group>"; };
		6667CE4AFCFA0705F943F677 /* Pods_MillionaireUITests.framework */ = {isa = PBXFileReference; explicitFileType = wrapper.framework; includeInIndex = 0; path = Pods_MillionaireUITests.framework; sourceTree = BUILT_PRODUCTS_DIR; };
		71FBE9D608CFACB7F54AEB57 /* Pods_Millionaire.framework */ = {isa = PBXFileReference; explicitFileType = wrapper.framework; includeInIndex = 0; path = Pods_Millionaire.framework; sourceTree = BUILT_PRODUCTS_DIR; };
		B981EA1D63C2C1304CD02CFC /* Pods-Millionaire.debug.xcconfig */ = {isa = PBXFileReference; includeInIndex = 1; lastKnownFileType = text.xcconfig; name = "Pods-Millionaire.debug.xcconfig"; path = "Pods/Target Support Files/Pods-Millionaire/Pods-Millionaire.debug.xcconfig"; sourceTree = "<group>"; };
		EAAF58346043C55F5F87E99C /* Pods_MillionaireTests.framework */ = {isa = PBXFileReference; explicitFileType = wrapper.framework; includeInIndex = 0; path = Pods_MillionaireTests.framework; sourceTree = BUILT_PRODUCTS_DIR; };
/* End PBXFileReference section */

/* Begin PBXFrameworksBuildPhase section */
		1730FC151CC3EE810030D136 /* Frameworks */ = {
			isa = PBXFrameworksBuildPhase;
			buildActionMask = 2147483647;
			files = (
				1783CE2E1DA0419A007B7FCC /* Crypto.framework in Frameworks */,
				1783CE2F1DA0419A007B7FCC /* CommonCrypto.framework in Frameworks */,
				17E0B9B11DA0393B005C1F6F /* SwiftyJSON.framework in Frameworks */,
				17E0B9AF1DA03935005C1F6F /* Alamofire.framework in Frameworks */,
				14669CEBE22F8FA3EE53E127 /* Pods_Millionaire.framework in Frameworks */,
				1783CE301DA041D5007B7FCC /* Crypto.framework in Frameworks */,
				17E0B9B51DA0399B005C1F6F /* Alamofire.framework in Frameworks */,
				1783CE321DA041D5007B7FCC /* CommonCrypto.framework in Frameworks */,
				17E0B9B81DA039B2005C1F6F /* SwiftyJSON.framework in Frameworks */,
			);
			runOnlyForDeploymentPostprocessing = 0;
		};
/* End PBXFrameworksBuildPhase section */

/* Begin PBXGroup section */
		170246171CC6CA8D00085881 /* Alamofire */ = {
			isa = PBXGroup;
			children = (
				170246181CC6CA8D00085881 /* LICENSE */,
				170246191CC6CA8D00085881 /* LICENSE 2 */,
				1702461A1CC6CA8D00085881 /* README 2.md */,
				1702461B1CC6CA8D00085881 /* Source */,
			);
			name = Alamofire;
			path = Pods/Alamofire;
			sourceTree = "<group>";
		};
		1702461B1CC6CA8D00085881 /* Source */ = {
			isa = PBXGroup;
			children = (
				1702461C1CC6CA8D00085881 /* Alamofire.swift */,
				1702461D1CC6CA8D00085881 /* Download.swift */,
				1702461E1CC6CA8D00085881 /* Error.swift */,
				1702461F1CC6CA8D00085881 /* Manager.swift */,
				170246201CC6CA8D00085881 /* MultipartFormData.swift */,
				170246211CC6CA8D00085881 /* NetworkReachabilityManager.swift */,
				170246221CC6CA8D00085881 /* Notifications.swift */,
				170246231CC6CA8D00085881 /* ParameterEncoding.swift */,
				170246241CC6CA8D00085881 /* Request.swift */,
				170246251CC6CA8D00085881 /* Response.swift */,
				170246261CC6CA8D00085881 /* ResponseSerialization.swift */,
				170246271CC6CA8D00085881 /* Result.swift */,
				170246281CC6CA8D00085881 /* ServerTrustPolicy.swift */,
				170246291CC6CA8D00085881 /* Stream.swift */,
				1702462A1CC6CA8D00085881 /* Timeline.swift */,
				1702462B1CC6CA8D00085881 /* Upload.swift */,
				1702462C1CC6CA8D00085881 /* Validation.swift */,
			);
			path = Source;
			sourceTree = "<group>";
		};
		173026CB1CC68280008A046C /* CoreData */ = {
			isa = PBXGroup;
			children = (
				173026DF1CC69532008A046C /* Question+CoreDataProperties.swift */,
				173026E01CC69532008A046C /* Question.swift */,
				173026CC1CC682A0008A046C /* QuestionsModel.xcdatamodeld */,
				173026E31CC695CA008A046C /* CoreDataHelper.swift */,
			);
			name = CoreData;
			sourceTree = "<group>";
		};
		1730FC0F1CC3EE810030D136 = {
			isa = PBXGroup;
			children = (
				174F50BE1CF0B7F800A8CD65 /* Localizable.strings */,
				1794DE521CD015B50085EA37 /* Media.xcassets */,
				1730FC1A1CC3EE810030D136 /* Millionaire */,
				1730FC2F1CC3EE810030D136 /* MillionaireTests */,
				1730FC3A1CC3EE810030D136 /* MillionaireUITests */,
				1730FC191CC3EE810030D136 /* Products */,
				173026D51CC6948D008A046C /* Millionaire-Bridging-Header.h */,
				3620853253A9EFC1660160DF /* Frameworks */,
				333593DAD411458CD3A1A2A1 /* Pods */,
			);
			sourceTree = "<group>";
		};
		1730FC191CC3EE810030D136 /* Products */ = {
			isa = PBXGroup;
			children = (
				1730FC181CC3EE810030D136 /* Millionaire.app */,
			);
			name = Products;
			sourceTree = "<group>";
		};
		1730FC1A1CC3EE810030D136 /* Millionaire */ = {
			isa = PBXGroup;
			children = (
				17888FA71CCA671E00A6C3DF /* Entities */,
				17D4C0821CC7A10D0034B057 /* REST */,
				173026CB1CC68280008A046C /* CoreData */,
				178C716E1CC4D78C005EF01E /* controllers */,
				1730FC1B1CC3EE810030D136 /* AppDelegate.swift */,
				1730FC1D1CC3EE810030D136 /* ViewController.swift */,
				1730FC1F1CC3EE810030D136 /* Main.storyboard */,
				1730FC241CC3EE810030D136 /* LaunchScreen.storyboard */,
				1730FC271CC3EE810030D136 /* Info.plist */,
			);
			path = Millionaire;
			sourceTree = "<group>";
		};
		1730FC2F1CC3EE810030D136 /* MillionaireTests */ = {
			isa = PBXGroup;
			children = (
				1730FC301CC3EE810030D136 /* MillionaireTests.swift */,
				1730FC321CC3EE810030D136 /* Info.plist */,
			);
			path = MillionaireTests;
			sourceTree = "<group>";
		};
		1730FC3A1CC3EE810030D136 /* MillionaireUITests */ = {
			isa = PBXGroup;
			children = (
				1730FC3B1CC3EE810030D136 /* MillionaireUITests.swift */,
				1730FC3D1CC3EE810030D136 /* Info.plist */,
			);
			path = MillionaireUITests;
			sourceTree = "<group>";
		};
		17888FA71CCA671E00A6C3DF /* Entities */ = {
			isa = PBXGroup;
			children = (
				17888FA81CCA674A00A6C3DF /* GameFactory.swift */,
				17888FAA1CCA677C00A6C3DF /* SingleGame.swift */,
				17888FAC1CCA74DE00A6C3DF /* ISinglePlay.swift */,
				17888FAE1CCA84B800A6C3DF /* Game.swift */,
			);
			name = Entities;
			sourceTree = "<group>";
		};
		178C716E1CC4D78C005EF01E /* controllers */ = {
			isa = PBXGroup;
			children = (
				178C716F1CC4D7D4005EF01E /* GameController.swift */,
				17D4C0891CC7D5200034B057 /* ScoreCell.swift */,
			);
			name = controllers;
			sourceTree = "<group>";
		};
		17D4C0821CC7A10D0034B057 /* REST */ = {
			isa = PBXGroup;
			children = (
				17D4C0831CC7A12D0034B057 /* APIService.swift */,
				17D4C0871CC7AA900034B057 /* DataProvider.swift */,
				17CD76BB1CC816EC0026172A /* ServerSettings.swift */,
			);
			name = REST;
			sourceTree = "<group>";
		};
		333593DAD411458CD3A1A2A1 /* Pods */ = {
			isa = PBXGroup;
			children = (
				B981EA1D63C2C1304CD02CFC /* Pods-Millionaire.debug.xcconfig */,
				398052C158E4EDC95B66378E /* Pods-Millionaire.release.xcconfig */,
			);
			name = Pods;
			sourceTree = "<group>";
		};
		3620853253A9EFC1660160DF /* Frameworks */ = {
			isa = PBXGroup;
			children = (
				1783CE2C1DA0419A007B7FCC /* Crypto.framework */,
				1783CE2D1DA0419A007B7FCC /* CommonCrypto.framework */,
				17E0B9B01DA0393B005C1F6F /* SwiftyJSON.framework */,
				1729AB931DA01C5E001AA048 /* Alamofire.framework */,
				17F3F4781CCA3DA70055A8DA /* SHA256iOs.framework */,
				17F3F46F1CCA3D580055A8DA /* SHA256iOs.framework */,
				17CBBEBB1CCA3C27002204A4 /* SHA256iOs.framework */,
				17AA20541CC799D200E87E75 /* SwiftyJSON.framework */,
				1767CB561CC6CB2400A3473C /* Alamofire.framework */,
				170246171CC6CA8D00085881 /* Alamofire */,
				71FBE9D608CFACB7F54AEB57 /* Pods_Millionaire.framework */,
				EAAF58346043C55F5F87E99C /* Pods_MillionaireTests.framework */,
				6667CE4AFCFA0705F943F677 /* Pods_MillionaireUITests.framework */,
			);
			name = Frameworks;
			sourceTree = "<group>";
		};
/* End PBXGroup section */

/* Begin PBXNativeTarget section */
		1730FC171CC3EE810030D136 /* Millionaire */ = {
			isa = PBXNativeTarget;
			buildConfigurationList = 1730FC401CC3EE810030D136 /* Build configuration list for PBXNativeTarget "Millionaire" */;
			buildPhases = (
				267E608172AC27511F747FBB /* [CP] Check Pods Manifest.lock */,
				1730FC141CC3EE810030D136 /* Sources */,
				1730FC151CC3EE810030D136 /* Frameworks */,
				1730FC161CC3EE810030D136 /* Resources */,
				BE0CFBCC96262ABAFB130060 /* [CP] Embed Pods Frameworks */,
				2A754791464E64709503AC7D /* [CP] Copy Pods Resources */,
				17E0B9B71DA0399B005C1F6F /* Embed Frameworks */,
			);
			buildRules = (
			);
			dependencies = (
			);
			name = Millionaire;
			productName = Millionaire;
			productReference = 1730FC181CC3EE810030D136 /* Millionaire.app */;
			productType = "com.apple.product-type.application";
		};
/* End PBXNativeTarget section */

/* Begin PBXProject section */
		1730FC101CC3EE810030D136 /* Project object */ = {
			isa = PBXProject;
			attributes = {
				LastSwiftUpdateCheck = 0730;
				LastUpgradeCheck = 0730;
				ORGANIZATIONNAME = "Igor Kasyanenko";
				TargetAttributes = {
					1730FC171CC3EE810030D136 = {
						CreatedOnToolsVersion = 7.3;
						DevelopmentTeam = 5BCDXKAUFJ;
						LastSwiftMigration = 0800;
					};
				};
			};
			buildConfigurationList = 1730FC131CC3EE810030D136 /* Build configuration list for PBXProject "Millionaire" */;
			compatibilityVersion = "Xcode 3.2";
			developmentRegion = English;
			hasScannedForEncodings = 0;
			knownRegions = (
				en,
				Base,
			);
			mainGroup = 1730FC0F1CC3EE810030D136;
			productRefGroup = 1730FC191CC3EE810030D136 /* Products */;
			projectDirPath = "";
			projectRoot = "";
			targets = (
				1730FC171CC3EE810030D136 /* Millionaire */,
			);
		};
/* End PBXProject section */

/* Begin PBXResourcesBuildPhase section */
		1730FC161CC3EE810030D136 /* Resources */ = {
			isa = PBXResourcesBuildPhase;
			buildActionMask = 2147483647;
			files = (
				1730FC261CC3EE810030D136 /* LaunchScreen.storyboard in Resources */,
				174F50BC1CF0B7F800A8CD65 /* Localizable.strings in Resources */,
				1794DE531CD015B50085EA37 /* Media.xcassets in Resources */,
				1730FC211CC3EE810030D136 /* Main.storyboard in Resources */,
			);
			runOnlyForDeploymentPostprocessing = 0;
		};
/* End PBXResourcesBuildPhase section */

/* Begin PBXShellScriptBuildPhase section */
		267E608172AC27511F747FBB /* [CP] Check Pods Manifest.lock */ = {
			isa = PBXShellScriptBuildPhase;
			buildActionMask = 2147483647;
			files = (
			);
			inputPaths = (
			);
			name = "[CP] Check Pods Manifest.lock";
			outputPaths = (
			);
			runOnlyForDeploymentPostprocessing = 0;
			shellPath = /bin/sh;
			shellScript = "diff \"${PODS_ROOT}/../Podfile.lock\" \"${PODS_ROOT}/Manifest.lock\" > /dev/null\nif [[ $? != 0 ]] ; then\n    cat << EOM\nerror: The sandbox is not in sync with the Podfile.lock. Run 'pod install' or update your CocoaPods installation.\nEOM\n    exit 1\nfi\n";
			showEnvVarsInLog = 0;
		};
		2A754791464E64709503AC7D /* [CP] Copy Pods Resources */ = {
			isa = PBXShellScriptBuildPhase;
			buildActionMask = 2147483647;
			files = (
			);
			inputPaths = (
			);
			name = "[CP] Copy Pods Resources";
			outputPaths = (
			);
			runOnlyForDeploymentPostprocessing = 0;
			shellPath = /bin/sh;
			shellScript = "\"${SRCROOT}/Pods/Target Support Files/Pods-Millionaire/Pods-Millionaire-resources.sh\"\n";
			showEnvVarsInLog = 0;
		};
		BE0CFBCC96262ABAFB130060 /* [CP] Embed Pods Frameworks */ = {
			isa = PBXShellScriptBuildPhase;
			buildActionMask = 2147483647;
			files = (
			);
			inputPaths = (
			);
			name = "[CP] Embed Pods Frameworks";
			outputPaths = (
			);
			runOnlyForDeploymentPostprocessing = 0;
			shellPath = /bin/sh;
			shellScript = "\"${SRCROOT}/Pods/Target Support Files/Pods-Millionaire/Pods-Millionaire-frameworks.sh\"\n";
			showEnvVarsInLog = 0;
		};
/* End PBXShellScriptBuildPhase section */

/* Begin PBXSourcesBuildPhase section */
		1730FC141CC3EE810030D136 /* Sources */ = {
			isa = PBXSourcesBuildPhase;
			buildActionMask = 2147483647;
			files = (
				1730FC1E1CC3EE810030D136 /* ViewController.swift in Sources */,
				17888FAF1CCA84B800A6C3DF /* Game.swift in Sources */,
				178C71701CC4D7D4005EF01E /* GameController.swift in Sources */,
				1730FC1C1CC3EE810030D136 /* AppDelegate.swift in Sources */,
				17888FAD1CCA74DE00A6C3DF /* ISinglePlay.swift in Sources */,
				173026E41CC695CA008A046C /* CoreDataHelper.swift in Sources */,
				173026E21CC69532008A046C /* Question.swift in Sources */,
				173026E11CC69532008A046C /* Question+CoreDataProperties.swift in Sources */,
				17888FA91CCA674A00A6C3DF /* GameFactory.swift in Sources */,
				17D4C0881CC7AA900034B057 /* DataProvider.swift in Sources */,
				17CD76BC1CC816EC0026172A /* ServerSettings.swift in Sources */,
				17D4C0841CC7A12D0034B057 /* APIService.swift in Sources */,
				17D4C08A1CC7D5200034B057 /* ScoreCell.swift in Sources */,
				17888FAB1CCA677C00A6C3DF /* SingleGame.swift in Sources */,
				173026CE1CC682A0008A046C /* QuestionsModel.xcdatamodeld in Sources */,
			);
			runOnlyForDeploymentPostprocessing = 0;
		};
/* End PBXSourcesBuildPhase section */

/* Begin PBXVariantGroup section */
		1730FC1F1CC3EE810030D136 /* Main.storyboard */ = {
			isa = PBXVariantGroup;
			children = (
				1730FC201CC3EE810030D136 /* Base */,
				1730FC491CC437670030D136 /* ru */,
				1730FC4C1CC4378C0030D136 /* en */,
			);
			name = Main.storyboard;
			sourceTree = "<group>";
		};
		1730FC241CC3EE810030D136 /* LaunchScreen.storyboard */ = {
			isa = PBXVariantGroup;
			children = (
				1730FC251CC3EE810030D136 /* Base */,
				1730FC4A1CC437680030D136 /* ru */,
			);
			name = LaunchScreen.storyboard;
			sourceTree = "<group>";
		};
		174F50BE1CF0B7F800A8CD65 /* Localizable.strings */ = {
			isa = PBXVariantGroup;
			children = (
				174F50BD1CF0B7F800A8CD65 /* ru */,
				174F50C11CF0B81C00A8CD65 /* en */,
			);
			name = Localizable.strings;
			sourceTree = "<group>";
		};
/* End PBXVariantGroup section */

/* Begin XCBuildConfiguration section */
		1730FC3E1CC3EE810030D136 /* Debug */ = {
			isa = XCBuildConfiguration;
			buildSettings = {
				ALWAYS_SEARCH_USER_PATHS = NO;
				CLANG_ANALYZER_NONNULL = YES;
				CLANG_CXX_LANGUAGE_STANDARD = "gnu++0x";
				CLANG_CXX_LIBRARY = "libc++";
				CLANG_ENABLE_MODULES = YES;
				CLANG_ENABLE_OBJC_ARC = YES;
				CLANG_WARN_BOOL_CONVERSION = YES;
				CLANG_WARN_CONSTANT_CONVERSION = YES;
				CLANG_WARN_DIRECT_OBJC_ISA_USAGE = YES_ERROR;
				CLANG_WARN_EMPTY_BODY = YES;
				CLANG_WARN_ENUM_CONVERSION = YES;
				CLANG_WARN_INT_CONVERSION = YES;
				CLANG_WARN_OBJC_ROOT_CLASS = YES_ERROR;
				CLANG_WARN_UNREACHABLE_CODE = YES;
				CLANG_WARN__DUPLICATE_METHOD_MATCH = YES;
				"CODE_SIGN_IDENTITY[sdk=iphoneos*]" = "iPhone Developer";
				COPY_PHASE_STRIP = NO;
				DEBUG_INFORMATION_FORMAT = dwarf;
				ENABLE_STRICT_OBJC_MSGSEND = YES;
				ENABLE_TESTABILITY = YES;
				GCC_C_LANGUAGE_STANDARD = gnu99;
				GCC_DYNAMIC_NO_PIC = NO;
				GCC_NO_COMMON_BLOCKS = YES;
				GCC_OPTIMIZATION_LEVEL = 0;
				GCC_PREPROCESSOR_DEFINITIONS = (
					"DEBUG=1",
					"$(inherited)",
				);
				GCC_WARN_64_TO_32_BIT_CONVERSION = YES;
				GCC_WARN_ABOUT_RETURN_TYPE = YES_ERROR;
				GCC_WARN_UNDECLARED_SELECTOR = YES;
				GCC_WARN_UNINITIALIZED_AUTOS = YES_AGGRESSIVE;
				GCC_WARN_UNUSED_FUNCTION = YES;
				GCC_WARN_UNUSED_VARIABLE = YES;
				IPHONEOS_DEPLOYMENT_TARGET = 9.3;
				MTL_ENABLE_DEBUG_INFO = YES;
				ONLY_ACTIVE_ARCH = YES;
				SDKROOT = iphoneos;
				SWIFT_OPTIMIZATION_LEVEL = "-Onone";
				TARGETED_DEVICE_FAMILY = "1,2";
			};
			name = Debug;
		};
		1730FC3F1CC3EE810030D136 /* Release */ = {
			isa = XCBuildConfiguration;
			buildSettings = {
				ALWAYS_SEARCH_USER_PATHS = NO;
				CLANG_ANALYZER_NONNULL = YES;
				CLANG_CXX_LANGUAGE_STANDARD = "gnu++0x";
				CLANG_CXX_LIBRARY = "libc++";
				CLANG_ENABLE_MODULES = YES;
				CLANG_ENABLE_OBJC_ARC = YES;
				CLANG_WARN_BOOL_CONVERSION = YES;
				CLANG_WARN_CONSTANT_CONVERSION = YES;
				CLANG_WARN_DIRECT_OBJC_ISA_USAGE = YES_ERROR;
				CLANG_WARN_EMPTY_BODY = YES;
				CLANG_WARN_ENUM_CONVERSION = YES;
				CLANG_WARN_INT_CONVERSION = YES;
				CLANG_WARN_OBJC_ROOT_CLASS = YES_ERROR;
				CLANG_WARN_UNREACHABLE_CODE = YES;
				CLANG_WARN__DUPLICATE_METHOD_MATCH = YES;
				"CODE_SIGN_IDENTITY[sdk=iphoneos*]" = "iPhone Developer";
				COPY_PHASE_STRIP = NO;
				DEBUG_INFORMATION_FORMAT = "dwarf-with-dsym";
				ENABLE_NS_ASSERTIONS = NO;
				ENABLE_STRICT_OBJC_MSGSEND = YES;
				GCC_C_LANGUAGE_STANDARD = gnu99;
				GCC_NO_COMMON_BLOCKS = YES;
				GCC_WARN_64_TO_32_BIT_CONVERSION = YES;
				GCC_WARN_ABOUT_RETURN_TYPE = YES_ERROR;
				GCC_WARN_UNDECLARED_SELECTOR = YES;
				GCC_WARN_UNINITIALIZED_AUTOS = YES_AGGRESSIVE;
				GCC_WARN_UNUSED_FUNCTION = YES;
				GCC_WARN_UNUSED_VARIABLE = YES;
				IPHONEOS_DEPLOYMENT_TARGET = 9.3;
				MTL_ENABLE_DEBUG_INFO = NO;
				SDKROOT = iphoneos;
				TARGETED_DEVICE_FAMILY = "1,2";
				VALIDATE_PRODUCT = YES;
			};
			name = Release;
		};
		1730FC411CC3EE810030D136 /* Debug */ = {
			isa = XCBuildConfiguration;
			baseConfigurationReference = B981EA1D63C2C1304CD02CFC /* Pods-Millionaire.debug.xcconfig */;
			buildSettings = {
				ASSETCATALOG_COMPILER_APPICON_NAME = AppIcon;
				CLANG_ENABLE_MODULES = YES;
				CODE_SIGN_IDENTITY = "iPhone Developer";
				"CODE_SIGN_IDENTITY[sdk=iphoneos*]" = "iPhone Developer";
				DEVELOPMENT_TEAM = 5BCDXKAUFJ;
				FRAMEWORK_SEARCH_PATHS = (
					"$(inherited)",
					"$(PROJECT_DIR)/Millionaire.xcodeproj/Alamofire-master/build/Debug-iphoneos",
					"$(PROJECT_DIR)/Millionaire.xcodeproj/SwiftyJSON-master/build/Debug-iphoneos",
					"$(PROJECT_DIR)/Millionaire.xcodeproj/SHA256-Swift-master/build/Debug-iphoneos",
					"$(PROJECT_DIR)/Millionaire.xcodeproj/Crypto-master/build/Debug-iphoneos",
					"$(PROJECT_DIR)/Carthage/Build/iOS",
				);
				INFOPLIST_FILE = Millionaire/Info.plist;
				IPHONEOS_DEPLOYMENT_TARGET = 9.0;
				LD_RUNPATH_SEARCH_PATHS = "$(inherited) @executable_path/Frameworks";
				PRODUCT_BUNDLE_IDENTIFIER = dekwin.Millionaire;
				PRODUCT_NAME = "$(TARGET_NAME)";
				PROVISIONING_PROFILE = "";
				SWIFT_OBJC_BRIDGING_HEADER = "Millionaire-Bridging-Header.h";
				SWIFT_OPTIMIZATION_LEVEL = "-Onone";
				SWIFT_VERSION = 3.0;
			};
			name = Debug;
		};
		1730FC421CC3EE810030D136 /* Release */ = {
			isa = XCBuildConfiguration;
			baseConfigurationReference = 398052C158E4EDC95B66378E /* Pods-Millionaire.release.xcconfig */;
			buildSettings = {
				ASSETCATALOG_COMPILER_APPICON_NAME = AppIcon;
				CLANG_ENABLE_MODULES = YES;
				CODE_SIGN_IDENTITY = "iPhone Developer";
				"CODE_SIGN_IDENTITY[sdk=iphoneos*]" = "iPhone Developer";
				DEVELOPMENT_TEAM = 5BCDXKAUFJ;
				FRAMEWORK_SEARCH_PATHS = (
					"$(inherited)",
					"$(PROJECT_DIR)/Millionaire.xcodeproj/Alamofire-master/build/Debug-iphoneos",
					"$(PROJECT_DIR)/Millionaire.xcodeproj/SwiftyJSON-master/build/Debug-iphoneos",
					"$(PROJECT_DIR)/Millionaire.xcodeproj/SHA256-Swift-master/build/Debug-iphoneos",
					"$(PROJECT_DIR)/Millionaire.xcodeproj/Crypto-master/build/Debug-iphoneos",
					"$(PROJECT_DIR)/Carthage/Build/iOS",
				);
				INFOPLIST_FILE = Millionaire/Info.plist;
				IPHONEOS_DEPLOYMENT_TARGET = 9.0;
				LD_RUNPATH_SEARCH_PATHS = "$(inherited) @executable_path/Frameworks";
				PRODUCT_BUNDLE_IDENTIFIER = dekwin.Millionaire;
				PRODUCT_NAME = "$(TARGET_NAME)";
				PROVISIONING_PROFILE = "";
				SWIFT_OBJC_BRIDGING_HEADER = "Millionaire-Bridging-Header.h";
				SWIFT_VERSION = 3.0;
			};
			name = Release;
		};
/* End XCBuildConfiguration section */

/* Begin XCConfigurationList section */
		1730FC131CC3EE810030D136 /* Build configuration list for PBXProject "Millionaire" */ = {
			isa = XCConfigurationList;
			buildConfigurations = (
				1730FC3E1CC3EE810030D136 /* Debug */,
				1730FC3F1CC3EE810030D136 /* Release */,
			);
			defaultConfigurationIsVisible = 0;
			defaultConfigurationName = Release;
		};
		1730FC401CC3EE810030D136 /* Build configuration list for PBXNativeTarget "Millionaire" */ = {
			isa = XCConfigurationList;
			buildConfigurations = (
				1730FC411CC3EE810030D136 /* Debug */,
				1730FC421CC3EE810030D136 /* Release */,
			);
			defaultConfigurationIsVisible = 0;
			defaultConfigurationName = Release;
		};
/* End XCConfigurationList section */

/* Begin XCVersionGroup section */
		173026CC1CC682A0008A046C /* QuestionsModel.xcdatamodeld */ = {
			isa = XCVersionGroup;
			children = (
				173026CD1CC682A0008A046C /* QuestionsModel.xcdatamodel */,
			);
			currentVersion = 173026CD1CC682A0008A046C /* QuestionsModel.xcdatamodel */;
			path = QuestionsModel.xcdatamodeld;
			sourceTree = "<group>";
			versionGroupType = wrapper.xcdatamodel;
		};
/* End XCVersionGroup section */
	};
	rootObject = 1730FC101CC3EE810030D136 /* Project object */;
}
