// !$*UTF8*$!
{
	archiveVersion = 1;
	classes = {
	};
	objectVersion = 46;
	objects = {

/* Begin PBXBuildFile section */
		1730FC1C1CC3EE810030D136 /* AppDelegate.swift in Sources */ = {isa = PBXBuildFile; fileRef = 1730FC1B1CC3EE810030D136 /* AppDelegate.swift */; };
		1730FC1E1CC3EE810030D136 /* ViewController.swift in Sources */ = {isa = PBXBuildFile; fileRef = 1730FC1D1CC3EE810030D136 /* ViewController.swift */; };
		1730FC211CC3EE810030D136 /* Main.storyboard in Resources */ = {isa = PBXBuildFile; fileRef = 1730FC1F1CC3EE810030D136 /* Main.storyboard */; };
		1730FC231CC3EE810030D136 /* Assets.xcassets in Resources */ = {isa = PBXBuildFile; fileRef = 1730FC221CC3EE810030D136 /* Assets.xcassets */; };
		1730FC261CC3EE810030D136 /* LaunchScreen.storyboard in Resources */ = {isa = PBXBuildFile; fileRef = 1730FC241CC3EE810030D136 /* LaunchScreen.storyboard */; };
		1730FC311CC3EE810030D136 /* MillionaireTests.swift in Sources */ = {isa = PBXBuildFile; fileRef = 1730FC301CC3EE810030D136 /* MillionaireTests.swift */; };
		1730FC3C1CC3EE810030D136 /* MillionaireUITests.swift in Sources */ = {isa = PBXBuildFile; fileRef = 1730FC3B1CC3EE810030D136 /* MillionaireUITests.swift */; };
/* End PBXBuildFile section */

/* Begin PBXContainerItemProxy section */
		1730FC2D1CC3EE810030D136 /* PBXContainerItemProxy */ = {
			isa = PBXContainerItemProxy;
			containerPortal = 1730FC101CC3EE810030D136 /* Project object */;
			proxyType = 1;
			remoteGlobalIDString = 1730FC171CC3EE810030D136;
			remoteInfo = Millionaire;
		};
		1730FC381CC3EE810030D136 /* PBXContainerItemProxy */ = {
			isa = PBXContainerItemProxy;
			containerPortal = 1730FC101CC3EE810030D136 /* Project object */;
			proxyType = 1;
			remoteGlobalIDString = 1730FC171CC3EE810030D136;
			remoteInfo = Millionaire;
		};
/* End PBXContainerItemProxy section */

/* Begin PBXFileReference section */
		1730FC181CC3EE810030D136 /* Millionaire.app */ = {isa = PBXFileReference; explicitFileType = wrapper.application; includeInIndex = 0; path = Millionaire.app; sourceTree = BUILT_PRODUCTS_DIR; };
		1730FC1B1CC3EE810030D136 /* AppDelegate.swift */ = {isa = PBXFileReference; lastKnownFileType = sourcecode.swift; path = AppDelegate.swift; sourceTree = "<group>"; };
		1730FC1D1CC3EE810030D136 /* ViewController.swift */ = {isa = PBXFileReference; lastKnownFileType = sourcecode.swift; path = ViewController.swift; sourceTree = "<group>"; };
		1730FC201CC3EE810030D136 /* Base */ = {isa = PBXFileReference; lastKnownFileType = file.storyboard; name = Base; path = Base.lproj/Main.storyboard; sourceTree = "<group>"; };
		1730FC221CC3EE810030D136 /* Assets.xcassets */ = {isa = PBXFileReference; lastKnownFileType = folder.assetcatalog; path = Assets.xcassets; sourceTree = "<group>"; };
		1730FC251CC3EE810030D136 /* Base */ = {isa = PBXFileReference; lastKnownFileType = file.storyboard; name = Base; path = Base.lproj/LaunchScreen.storyboard; sourceTree = "<group>"; };
		1730FC271CC3EE810030D136 /* Info.plist */ = {isa = PBXFileReference; lastKnownFileType = text.plist.xml; path = Info.plist; sourceTree = "<group>"; };
		1730FC2C1CC3EE810030D136 /* MillionaireTests.xctest */ = {isa = PBXFileReference; explicitFileType = wrapper.cfbundle; includeInIndex = 0; path = MillionaireTests.xctest; sourceTree = BUILT_PRODUCTS_DIR; };
		1730FC301CC3EE810030D136 /* MillionaireTests.swift */ = {isa = PBXFileReference; lastKnownFileType = sourcecode.swift; path = MillionaireTests.swift; sourceTree = "<group>"; };
		1730FC321CC3EE810030D136 /* Info.plist */ = {isa = PBXFileReference; lastKnownFileType = text.plist.xml; path = Info.plist; sourceTree = "<group>"; };
		1730FC371CC3EE810030D136 /* MillionaireUITests.xctest */ = {isa = PBXFileReference; explicitFileType = wrapper.cfbundle; includeInIndex = 0; path = MillionaireUITests.xctest; sourceTree = BUILT_PRODUCTS_DIR; };
		1730FC3B1CC3EE810030D136 /* MillionaireUITests.swift */ = {isa = PBXFileReference; lastKnownFileType = sourcecode.swift; path = MillionaireUITests.swift; sourceTree = "<group>"; };
		1730FC3D1CC3EE810030D136 /* Info.plist */ = {isa = PBXFileReference; lastKnownFileType = text.plist.xml; path = Info.plist; sourceTree = "<group>"; };
/* End PBXFileReference section */

/* Begin PBXFrameworksBuildPhase section */
		1730FC151CC3EE810030D136 /* Frameworks */ = {
			isa = PBXFrameworksBuildPhase;
			buildActionMask = 2147483647;
			files = (
			);
			runOnlyForDeploymentPostprocessing = 0;
		};
		1730FC291CC3EE810030D136 /* Frameworks */ = {
			isa = PBXFrameworksBuildPhase;
			buildActionMask = 2147483647;
			files = (
			);
			runOnlyForDeploymentPostprocessing = 0;
		};
		1730FC341CC3EE810030D136 /* Frameworks */ = {
			isa = PBXFrameworksBuildPhase;
			buildActionMask = 2147483647;
			files = (
			);
			runOnlyForDeploymentPostprocessing = 0;
		};
/* End PBXFrameworksBuildPhase section */

/* Begin PBXGroup section */
		1730FC0F1CC3EE810030D136 = {
			isa = PBXGroup;
			children = (
				1730FC1A1CC3EE810030D136 /* Millionaire */,
				1730FC2F1CC3EE810030D136 /* MillionaireTests */,
				1730FC3A1CC3EE810030D136 /* MillionaireUITests */,
				1730FC191CC3EE810030D136 /* Products */,
			);
			sourceTree = "<group>";
		};
		1730FC191CC3EE810030D136 /* Products */ = {
			isa = PBXGroup;
			children = (
				1730FC181CC3EE810030D136 /* Millionaire.app */,
				1730FC2C1CC3EE810030D136 /* MillionaireTests.xctest */,
				1730FC371CC3EE810030D136 /* MillionaireUITests.xctest */,
			);
			name = Products;
			sourceTree = "<group>";
		};
		1730FC1A1CC3EE810030D136 /* Millionaire */ = {
			isa = PBXGroup;
			children = (
				1730FC1B1CC3EE810030D136 /* AppDelegate.swift */,
				1730FC1D1CC3EE810030D136 /* ViewController.swift */,
				1730FC1F1CC3EE810030D136 /* Main.storyboard */,
				1730FC221CC3EE810030D136 /* Assets.xcassets */,
				1730FC241CC3EE810030D136 /* LaunchScreen.storyboard */,
				1730FC271CC3EE810030D136 /* Info.plist */,
			);
			path = Millionaire;
			sourceTree = "<group>";
		};
		1730FC2F1CC3EE810030D136 /* MillionaireTests */ = {
			isa = PBXGroup;
			children = (
				1730FC301CC3EE810030D136 /* MillionaireTests.swift */,
				1730FC321CC3EE810030D136 /* Info.plist */,
			);
			path = MillionaireTests;
			sourceTree = "<group>";
		};
		1730FC3A1CC3EE810030D136 /* MillionaireUITests */ = {
			isa = PBXGroup;
			children = (
				1730FC3B1CC3EE810030D136 /* MillionaireUITests.swift */,
				1730FC3D1CC3EE810030D136 /* Info.plist */,
			);
			path = MillionaireUITests;
			sourceTree = "<group>";
		};
/* End PBXGroup section */

/* Begin PBXNativeTarget section */
		1730FC171CC3EE810030D136 /* Millionaire */ = {
			isa = PBXNativeTarget;
			buildConfigurationList = 1730FC401CC3EE810030D136 /* Build configuration list for PBXNativeTarget "Millionaire" */;
			buildPhases = (
				1730FC141CC3EE810030D136 /* Sources */,
				1730FC151CC3EE810030D136 /* Frameworks */,
				1730FC161CC3EE810030D136 /* Resources */,
			);
			buildRules = (
			);
			dependencies = (
			);
			name = Millionaire;
			productName = Millionaire;
			productReference = 1730FC181CC3EE810030D136 /* Millionaire.app */;
			productType = "com.apple.product-type.application";
		};
		1730FC2B1CC3EE810030D136 /* MillionaireTests */ = {
			isa = PBXNativeTarget;
			buildConfigurationList = 1730FC431CC3EE810030D136 /* Build configuration list for PBXNativeTarget "MillionaireTests" */;
			buildPhases = (
				1730FC281CC3EE810030D136 /* Sources */,
				1730FC291CC3EE810030D136 /* Frameworks */,
				1730FC2A1CC3EE810030D136 /* Resources */,
			);
			buildRules = (
			);
			dependencies = (
				1730FC2E1CC3EE810030D136 /* PBXTargetDependency */,
			);
			name = MillionaireTests;
			productName = MillionaireTests;
			productReference = 1730FC2C1CC3EE810030D136 /* MillionaireTests.xctest */;
			productType = "com.apple.product-type.bundle.unit-test";
		};
		1730FC361CC3EE810030D136 /* MillionaireUITests */ = {
			isa = PBXNativeTarget;
			buildConfigurationList = 1730FC461CC3EE810030D136 /* Build configuration list for PBXNativeTarget "MillionaireUITests" */;
			buildPhases = (
				1730FC331CC3EE810030D136 /* Sources */,
				1730FC341CC3EE810030D136 /* Frameworks */,
				1730FC351CC3EE810030D136 /* Resources */,
			);
			buildRules = (
			);
			dependencies = (
				1730FC391CC3EE810030D136 /* PBXTargetDependency */,
			);
			name = MillionaireUITests;
			productName = MillionaireUITests;
			productReference = 1730FC371CC3EE810030D136 /* MillionaireUITests.xctest */;
			productType = "com.apple.product-type.bundle.ui-testing";
		};
/* End PBXNativeTarget section */

/* Begin PBXProject section */
		1730FC101CC3EE810030D136 /* Project object */ = {
			isa = PBXProject;
			attributes = {
				LastSwiftUpdateCheck = 0730;
				LastUpgradeCheck = 0730;
				ORGANIZATIONNAME = "Igor Kasyanenko";
				TargetAttributes = {
					1730FC171CC3EE810030D136 = {
						CreatedOnToolsVersion = 7.3;
						DevelopmentTeam = 5BCDXKAUFJ;
					};
					1730FC2B1CC3EE810030D136 = {
						CreatedOnToolsVersion = 7.3;
						DevelopmentTeam = 5BCDXKAUFJ;
						TestTargetID = 1730FC171CC3EE810030D136;
					};
					1730FC361CC3EE810030D136 = {
						CreatedOnToolsVersion = 7.3;
						DevelopmentTeam = 5BCDXKAUFJ;
						TestTargetID = 1730FC171CC3EE810030D136;
					};
				};
			};
			buildConfigurationList = 1730FC131CC3EE810030D136 /* Build configuration list for PBXProject "Millionaire" */;
			compatibilityVersion = "Xcode 3.2";
			developmentRegion = English;
			hasScannedForEncodings = 0;
			knownRegions = (
				en,
				Base,
			);
			mainGroup = 1730FC0F1CC3EE810030D136;
			productRefGroup = 1730FC191CC3EE810030D136 /* Products */;
			projectDirPath = "";
			projectRoot = "";
			targets = (
				1730FC171CC3EE810030D136 /* Millionaire */,
				1730FC2B1CC3EE810030D136 /* MillionaireTests */,
				1730FC361CC3EE810030D136 /* MillionaireUITests */,
			);
		};
/* End PBXProject section */

/* Begin PBXResourcesBuildPhase section */
		1730FC161CC3EE810030D136 /* Resources */ = {
			isa = PBXResourcesBuildPhase;
			buildActionMask = 2147483647;
			files = (
				1730FC261CC3EE810030D136 /* LaunchScreen.storyboard in Resources */,
				1730FC231CC3EE810030D136 /* Assets.xcassets in Resources */,
				1730FC211CC3EE810030D136 /* Main.storyboard in Resources */,
			);
			runOnlyForDeploymentPostprocessing = 0;
		};
		1730FC2A1CC3EE810030D136 /* Resources */ = {
			isa = PBXResourcesBuildPhase;
			buildActionMask = 2147483647;
			files = (
			);
			runOnlyForDeploymentPostprocessing = 0;
		};
		1730FC351CC3EE810030D136 /* Resources */ = {
			isa = PBXResourcesBuildPhase;
			buildActionMask = 2147483647;
			files = (
			);
			runOnlyForDeploymentPostprocessing = 0;
		};
/* End PBXResourcesBuildPhase section */

/* Begin PBXSourcesBuildPhase section */
		1730FC141CC3EE810030D136 /* Sources */ = {
			isa = PBXSourcesBuildPhase;
			buildActionMask = 2147483647;
			files = (
				1730FC1E1CC3EE810030D136 /* ViewController.swift in Sources */,
				1730FC1C1CC3EE810030D136 /* AppDelegate.swift in Sources */,
			);
			runOnlyForDeploymentPostprocessing = 0;
		};
		1730FC281CC3EE810030D136 /* Sources */ = {
			isa = PBXSourcesBuildPhase;
			buildActionMask = 2147483647;
			files = (
				1730FC311CC3EE810030D136 /* MillionaireTests.swift in Sources */,
			);
			runOnlyForDeploymentPostprocessing = 0;
		};
		1730FC331CC3EE810030D136 /* Sources */ = {
			isa = PBXSourcesBuildPhase;
			buildActionMask = 2147483647;
			files = (
				1730FC3C1CC3EE810030D136 /* MillionaireUITests.swift in Sources */,
			);
			runOnlyForDeploymentPostprocessing = 0;
		};
/* End PBXSourcesBuildPhase section */

/* Begin PBXTargetDependency section */
		1730FC2E1CC3EE810030D136 /* PBXTargetDependency */ = {
			isa = PBXTargetDependency;
			target = 1730FC171CC3EE810030D136 /* Millionaire */;
			targetProxy = 1730FC2D1CC3EE810030D136 /* PBXContainerItemProxy */;
		};
		1730FC391CC3EE810030D136 /* PBXTargetDependency */ = {
			isa = PBXTargetDependency;
			target = 1730FC171CC3EE810030D136 /* Millionaire */;
			targetProxy = 1730FC381CC3EE810030D136 /* PBXContainerItemProxy */;
		};
/* End PBXTargetDependency section */

/* Begin PBXVariantGroup section */
		1730FC1F1CC3EE810030D136 /* Main.storyboard */ = {
			isa = PBXVariantGroup;
			children = (
				1730FC201CC3EE810030D136 /* Base */,
			);
			name = Main.storyboard;
			sourceTree = "<group>";
		};
		1730FC241CC3EE810030D136 /* LaunchScreen.storyboard */ = {
			isa = PBXVariantGroup;
			children = (
				1730FC251CC3EE810030D136 /* Base */,
			);
			name = LaunchScreen.storyboard;
			sourceTree = "<group>";
		};
/* End PBXVariantGroup section */

/* Begin XCBuildConfiguration section */
		1730FC3E1CC3EE810030D136 /* Debug */ = {
			isa = XCBuildConfiguration;
			buildSettings = {
				ALWAYS_SEARCH_USER_PATHS = NO;
				CLANG_ANALYZER_NONNULL = YES;
				CLANG_CXX_LANGUAGE_STANDARD = "gnu++0x";
				CLANG_CXX_LIBRARY = "libc++";
				CLANG_ENABLE_MODULES = YES;
				CLANG_ENABLE_OBJC_ARC = YES;
				CLANG_WARN_BOOL_CONVERSION = YES;
				CLANG_WARN_CONSTANT_CONVERSION = YES;
				CLANG_WARN_DIRECT_OBJC_ISA_USAGE = YES_ERROR;
				CLANG_WARN_EMPTY_BODY = YES;
				CLANG_WARN_ENUM_CONVERSION = YES;
				CLANG_WARN_INT_CONVERSION = YES;
				CLANG_WARN_OBJC_ROOT_CLASS = YES_ERROR;
				CLANG_WARN_UNREACHABLE_CODE = YES;
				CLANG_WARN__DUPLICATE_METHOD_MATCH = YES;
				"CODE_SIGN_IDENTITY[sdk=iphoneos*]" = "iPhone Developer";
				COPY_PHASE_STRIP = NO;
				DEBUG_INFORMATION_FORMAT = dwarf;
				ENABLE_STRICT_OBJC_MSGSEND = YES;
				ENABLE_TESTABILITY = YES;
				GCC_C_LANGUAGE_STANDARD = gnu99;
				GCC_DYNAMIC_NO_PIC = NO;
				GCC_NO_COMMON_BLOCKS = YES;
				GCC_OPTIMIZATION_LEVEL = 0;
				GCC_PREPROCESSOR_DEFINITIONS = (
					"DEBUG=1",
					"$(inherited)",
				);
				GCC_WARN_64_TO_32_BIT_CONVERSION = YES;
				GCC_WARN_ABOUT_RETURN_TYPE = YES_ERROR;
				GCC_WARN_UNDECLARED_SELECTOR = YES;
				GCC_WARN_UNINITIALIZED_AUTOS = YES_AGGRESSIVE;
				GCC_WARN_UNUSED_FUNCTION = YES;
				GCC_WARN_UNUSED_VARIABLE = YES;
				IPHONEOS_DEPLOYMENT_TARGET = 9.3;
				MTL_ENABLE_DEBUG_INFO = YES;
				ONLY_ACTIVE_ARCH = YES;
				SDKROOT = iphoneos;
				SWIFT_OPTIMIZATION_LEVEL = "-Onone";
				TARGETED_DEVICE_FAMILY = "1,2";
			};
			name = Debug;
		};
		1730FC3F1CC3EE810030D136 /* Release */ = {
			isa = XCBuildConfiguration;
			buildSettings = {
				ALWAYS_SEARCH_USER_PATHS = NO;
				CLANG_ANALYZER_NONNULL = YES;
				CLANG_CXX_LANGUAGE_STANDARD = "gnu++0x";
				CLANG_CXX_LIBRARY = "libc++";
				CLANG_ENABLE_MODULES = YES;
				CLANG_ENABLE_OBJC_ARC = YES;
				CLANG_WARN_BOOL_CONVERSION = YES;
				CLANG_WARN_CONSTANT_CONVERSION = YES;
				CLANG_WARN_DIRECT_OBJC_ISA_USAGE = YES_ERROR;
				CLANG_WARN_EMPTY_BODY = YES;
				CLANG_WARN_ENUM_CONVERSION = YES;
				CLANG_WARN_INT_CONVERSION = YES;
				CLANG_WARN_OBJC_ROOT_CLASS = YES_ERROR;
				CLANG_WARN_UNREACHABLE_CODE = YES;
				CLANG_WARN__DUPLICATE_METHOD_MATCH = YES;
				"CODE_SIGN_IDENTITY[sdk=iphoneos*]" = "iPhone Developer";
				COPY_PHASE_STRIP = NO;
				DEBUG_INFORMATION_FORMAT = "dwarf-with-dsym";
				ENABLE_NS_ASSERTIONS = NO;
				ENABLE_STRICT_OBJC_MSGSEND = YES;
				GCC_C_LANGUAGE_STANDARD = gnu99;
				GCC_NO_COMMON_BLOCKS = YES;
				GCC_WARN_64_TO_32_BIT_CONVERSION = YES;
				GCC_WARN_ABOUT_RETURN_TYPE = YES_ERROR;
				GCC_WARN_UNDECLARED_SELECTOR = YES;
				GCC_WARN_UNINITIALIZED_AUTOS = YES_AGGRESSIVE;
				GCC_WARN_UNUSED_FUNCTION = YES;
				GCC_WARN_UNUSED_VARIABLE = YES;
				IPHONEOS_DEPLOYMENT_TARGET = 9.3;
				MTL_ENABLE_DEBUG_INFO = NO;
				SDKROOT = iphoneos;
				TARGETED_DEVICE_FAMILY = "1,2";
				VALIDATE_PRODUCT = YES;
			};
			name = Release;
		};
		1730FC411CC3EE810030D136 /* Debug */ = {
			isa = XCBuildConfiguration;
			buildSettings = {
				ASSETCATALOG_COMPILER_APPICON_NAME = AppIcon;
				INFOPLIST_FILE = Millionaire/Info.plist;
				LD_RUNPATH_SEARCH_PATHS = "$(inherited) @executable_path/Frameworks";
				PRODUCT_BUNDLE_IDENTIFIER = dekwin.Millionaire;
				PRODUCT_NAME = "$(TARGET_NAME)";
			};
			name = Debug;
		};
		1730FC421CC3EE810030D136 /* Release */ = {
			isa = XCBuildConfiguration;
			buildSettings = {
				ASSETCATALOG_COMPILER_APPICON_NAME = AppIcon;
				INFOPLIST_FILE = Millionaire/Info.plist;
				LD_RUNPATH_SEARCH_PATHS = "$(inherited) @executable_path/Frameworks";
				PRODUCT_BUNDLE_IDENTIFIER = dekwin.Millionaire;
				PRODUCT_NAME = "$(TARGET_NAME)";
			};
			name = Release;
		};
		1730FC441CC3EE810030D136 /* Debug */ = {
			isa = XCBuildConfiguration;
			buildSettings = {
				BUNDLE_LOADER = "$(TEST_HOST)";
				INFOPLIST_FILE = MillionaireTests/Info.plist;
				LD_RUNPATH_SEARCH_PATHS = "$(inherited) @executable_path/Frameworks @loader_path/Frameworks";
				PRODUCT_BUNDLE_IDENTIFIER = dekwin.MillionaireTests;
				PRODUCT_NAME = "$(TARGET_NAME)";
				TEST_HOST = "$(BUILT_PRODUCTS_DIR)/Millionaire.app/Millionaire";
			};
			name = Debug;
		};
		1730FC451CC3EE810030D136 /* Release */ = {
			isa = XCBuildConfiguration;
			buildSettings = {
				BUNDLE_LOADER = "$(TEST_HOST)";
				INFOPLIST_FILE = MillionaireTests/Info.plist;
				LD_RUNPATH_SEARCH_PATHS = "$(inherited) @executable_path/Frameworks @loader_path/Frameworks";
				PRODUCT_BUNDLE_IDENTIFIER = dekwin.MillionaireTests;
				PRODUCT_NAME = "$(TARGET_NAME)";
				TEST_HOST = "$(BUILT_PRODUCTS_DIR)/Millionaire.app/Millionaire";
			};
			name = Release;
		};
		1730FC471CC3EE810030D136 /* Debug */ = {
			isa = XCBuildConfiguration;
			buildSettings = {
				INFOPLIST_FILE = MillionaireUITests/Info.plist;
				LD_RUNPATH_SEARCH_PATHS = "$(inherited) @executable_path/Frameworks @loader_path/Frameworks";
				PRODUCT_BUNDLE_IDENTIFIER = dekwin.MillionaireUITests;
				PRODUCT_NAME = "$(TARGET_NAME)";
				TEST_TARGET_NAME = Millionaire;
			};
			name = Debug;
		};
		1730FC481CC3EE810030D136 /* Release */ = {
			isa = XCBuildConfiguration;
			buildSettings = {
				INFOPLIST_FILE = MillionaireUITests/Info.plist;
				LD_RUNPATH_SEARCH_PATHS = "$(inherited) @executable_path/Frameworks @loader_path/Frameworks";
				PRODUCT_BUNDLE_IDENTIFIER = dekwin.MillionaireUITests;
				PRODUCT_NAME = "$(TARGET_NAME)";
				TEST_TARGET_NAME = Millionaire;
			};
			name = Release;
		};
/* End XCBuildConfiguration section */

/* Begin XCConfigurationList section */
		1730FC131CC3EE810030D136 /* Build configuration list for PBXProject "Millionaire" */ = {
			isa = XCConfigurationList;
			buildConfigurations = (
				1730FC3E1CC3EE810030D136 /* Debug */,
				1730FC3F1CC3EE810030D136 /* Release */,
			);
			defaultConfigurationIsVisible = 0;
			defaultConfigurationName = Release;
		};
		1730FC401CC3EE810030D136 /* Build configuration list for PBXNativeTarget "Millionaire" */ = {
			isa = XCConfigurationList;
			buildConfigurations = (
				1730FC411CC3EE810030D136 /* Debug */,
				1730FC421CC3EE810030D136 /* Release */,
			);
			defaultConfigurationIsVisible = 0;
		};
		1730FC431CC3EE810030D136 /* Build configuration list for PBXNativeTarget "MillionaireTests" */ = {
			isa = XCConfigurationList;
			buildConfigurations = (
				1730FC441CC3EE810030D136 /* Debug */,
				1730FC451CC3EE810030D136 /* Release */,
			);
			defaultConfigurationIsVisible = 0;
		};
		1730FC461CC3EE810030D136 /* Build configuration list for PBXNativeTarget "MillionaireUITests" */ = {
			isa = XCConfigurationList;
			buildConfigurations = (
				1730FC471CC3EE810030D136 /* Debug */,
				1730FC481CC3EE810030D136 /* Release */,
			);
			defaultConfigurationIsVisible = 0;
		};
/* End XCConfigurationList section */
	};
	rootObject = 1730FC101CC3EE810030D136 /* Project object */;
}
